
Microsoft Visual Studio Solution File, Format Version 12.00
# Visual Studio Version 16
VisualStudioVersion = 16.0.30907.101
MinimumVisualStudioVersion = 10.0.40219.1
Project("{FAE04EC0-301F-11D3-BF4B-00C04F79EFBC}") = "WPF.Shared", "WPF.Shared.csproj", "{D45B2EC9-C6DA-4D4A-A96C-4F23BD9712F2}"
EndProject
Global
	GlobalSection(SolutionConfigurationPlatforms) = preSolution
		Debug|Any CPU = Debug|Any CPU
		Release|Any CPU = Release|Any CPU
	EndGlobalSection
	GlobalSection(ProjectConfigurationPlatforms) = postSolution
		{D45B2EC9-C6DA-4D4A-A96C-4F23BD9712F2}.Debug|Any CPU.ActiveCfg = Debug|Any CPU
		{D45B2EC9-C6DA-4D4A-A96C-4F23BD9712F2}.Debug|Any CPU.Build.0 = Debug|Any CPU
		{D45B2EC9-C6DA-4D4A-A96C-4F23BD9712F2}.Release|Any CPU.ActiveCfg = Release|Any CPU
		{D45B2EC9-C6DA-4D4A-A96C-4F23BD9712F2}.Release|Any CPU.Build.0 = Release|Any CPU
	EndGlobalSection
	GlobalSection(SolutionProperties) = preSolution
		HideSolutionNode = FALSE
	EndGlobalSection
	GlobalSection(ExtensibilityGlobals) = postSolution
		SolutionGuid = {CE28E35A-71D9-40CC-AC91-9EBEED5C03FA}
	EndGlobalSection
EndGlobal
