
Microsoft Visual Studio Solution File, Format Version 12.00
# Visual Studio Version 16
VisualStudioVersion = 16.0.30907.101
MinimumVisualStudioVersion = 10.0.40219.1
Project("{FAE04EC0-301F-11D3-BF4B-00C04F79EFBC}") = "Mail", "Mail\Mail.csproj", "{D110F66E-6426-4721-9F95-2C2CB79636D5}"
EndProject
Project("{9A19103F-16F7-4668-BE54-9A1E7A4F7556}") = "Mail.Test", "Mail.Test\Mail.Test.csproj", "{DD7FF6BB-6D1A-46C1-A597-D5551C10E974}"
EndProject
Global
	GlobalSection(SolutionConfigurationPlatforms) = preSolution
		Debug|Any CPU = Debug|Any CPU
		Release|Any CPU = Release|Any CPU
	EndGlobalSection
	GlobalSection(ProjectConfigurationPlatforms) = postSolution
		{D110F66E-6426-4721-9F95-2C2CB79636D5}.Debug|Any CPU.ActiveCfg = Debug|Any CPU
		{D110F66E-6426-4721-9F95-2C2CB79636D5}.Debug|Any CPU.Build.0 = Debug|Any CPU
		{D110F66E-6426-4721-9F95-2C2CB79636D5}.Release|Any CPU.ActiveCfg = Release|Any CPU
		{D110F66E-6426-4721-9F95-2C2CB79636D5}.Release|Any CPU.Build.0 = Release|Any CPU
		{DD7FF6BB-6D1A-46C1-A597-D5551C10E974}.Debug|Any CPU.ActiveCfg = Debug|Any CPU
		{DD7FF6BB-6D1A-46C1-A597-D5551C10E974}.Debug|Any CPU.Build.0 = Debug|Any CPU
		{DD7FF6BB-6D1A-46C1-A597-D5551C10E974}.Release|Any CPU.ActiveCfg = Release|Any CPU
		{DD7FF6BB-6D1A-46C1-A597-D5551C10E974}.Release|Any CPU.Build.0 = Release|Any CPU
	EndGlobalSection
	GlobalSection(SolutionProperties) = preSolution
		HideSolutionNode = FALSE
	EndGlobalSection
	GlobalSection(ExtensibilityGlobals) = postSolution
		SolutionGuid = {38E0745D-6172-4EA5-BDD1-FB70A955904A}
	EndGlobalSection
EndGlobal
